
Microsoft Visual Studio Solution File, Format Version 12.00
# Visual Studio 2012
Project("{FAE04EC0-301F-11D3-BF4B-00C04F79EFBC}") = "MineLib.ClientWrapper", "MineLib.ClientWrapper.csproj", "{CE1D9FC2-2CBF-432F-9BA6-69D79CF870EA}"
EndProject
Project("{FAE04EC0-301F-11D3-BF4B-00C04F79EFBC}") = "MineLib.Network", "Network\MineLib.Network.csproj", "{E7C8320E-49A4-4187-AFE3-15C814201E1E}"
EndProject
Project("{FAE04EC0-301F-11D3-BF4B-00C04F79EFBC}") = "fNbt", "Network\fNbt\fNbt\fNbt.csproj", "{4488498D-976D-4DA3-BF72-109531AF0488}"
EndProject
Project("{FAE04EC0-301F-11D3-BF4B-00C04F79EFBC}") = "CWrapped", "Network\CWrapped\CWrapped.csproj", "{72894A03-4A20-4B37-AAB9-B96DAC4BBAAE}"
EndProject
Global
	GlobalSection(SolutionConfigurationPlatforms) = preSolution
		Debug|Any CPU = Debug|Any CPU
		Debug|Mixed Platforms = Debug|Mixed Platforms
		Debug|x64 = Debug|x64
		Debug|x86 = Debug|x86
		Release|Any CPU = Release|Any CPU
		Release|Mixed Platforms = Release|Mixed Platforms
		Release|x64 = Release|x64
		Release|x86 = Release|x86
	EndGlobalSection
	GlobalSection(ProjectConfigurationPlatforms) = postSolution
		{CE1D9FC2-2CBF-432F-9BA6-69D79CF870EA}.Debug|Any CPU.ActiveCfg = Debug|x86
		{CE1D9FC2-2CBF-432F-9BA6-69D79CF870EA}.Debug|Mixed Platforms.ActiveCfg = Debug|x86
		{CE1D9FC2-2CBF-432F-9BA6-69D79CF870EA}.Debug|Mixed Platforms.Build.0 = Debug|x86
		{CE1D9FC2-2CBF-432F-9BA6-69D79CF870EA}.Debug|x64.ActiveCfg = Debug|x86
		{CE1D9FC2-2CBF-432F-9BA6-69D79CF870EA}.Debug|x86.ActiveCfg = Debug|x86
		{CE1D9FC2-2CBF-432F-9BA6-69D79CF870EA}.Debug|x86.Build.0 = Debug|x86
		{CE1D9FC2-2CBF-432F-9BA6-69D79CF870EA}.Release|Any CPU.ActiveCfg = Release|x86
		{CE1D9FC2-2CBF-432F-9BA6-69D79CF870EA}.Release|Mixed Platforms.ActiveCfg = Release|x86
		{CE1D9FC2-2CBF-432F-9BA6-69D79CF870EA}.Release|Mixed Platforms.Build.0 = Release|x86
		{CE1D9FC2-2CBF-432F-9BA6-69D79CF870EA}.Release|x64.ActiveCfg = Release|x86
		{CE1D9FC2-2CBF-432F-9BA6-69D79CF870EA}.Release|x86.ActiveCfg = Release|x86
		{CE1D9FC2-2CBF-432F-9BA6-69D79CF870EA}.Release|x86.Build.0 = Release|x86
		{E7C8320E-49A4-4187-AFE3-15C814201E1E}.Debug|Any CPU.ActiveCfg = Debug|Any CPU
		{E7C8320E-49A4-4187-AFE3-15C814201E1E}.Debug|Any CPU.Build.0 = Debug|Any CPU
		{E7C8320E-49A4-4187-AFE3-15C814201E1E}.Debug|Mixed Platforms.ActiveCfg = Debug|Any CPU
		{E7C8320E-49A4-4187-AFE3-15C814201E1E}.Debug|Mixed Platforms.Build.0 = Debug|Any CPU
		{E7C8320E-49A4-4187-AFE3-15C814201E1E}.Debug|x64.ActiveCfg = Debug|Any CPU
		{E7C8320E-49A4-4187-AFE3-15C814201E1E}.Debug|x86.ActiveCfg = Debug|Any CPU
		{E7C8320E-49A4-4187-AFE3-15C814201E1E}.Release|Any CPU.ActiveCfg = Release|Any CPU
		{E7C8320E-49A4-4187-AFE3-15C814201E1E}.Release|Any CPU.Build.0 = Release|Any CPU
		{E7C8320E-49A4-4187-AFE3-15C814201E1E}.Release|Mixed Platforms.ActiveCfg = Release|Any CPU
		{E7C8320E-49A4-4187-AFE3-15C814201E1E}.Release|Mixed Platforms.Build.0 = Release|Any CPU
		{E7C8320E-49A4-4187-AFE3-15C814201E1E}.Release|x64.ActiveCfg = Release|Any CPU
		{E7C8320E-49A4-4187-AFE3-15C814201E1E}.Release|x86.ActiveCfg = Release|Any CPU
		{4488498D-976D-4DA3-BF72-109531AF0488}.Debug|Any CPU.ActiveCfg = Debug|Any CPU
		{4488498D-976D-4DA3-BF72-109531AF0488}.Debug|Any CPU.Build.0 = Debug|Any CPU
		{4488498D-976D-4DA3-BF72-109531AF0488}.Debug|Mixed Platforms.ActiveCfg = Debug|x86
		{4488498D-976D-4DA3-BF72-109531AF0488}.Debug|Mixed Platforms.Build.0 = Debug|x86
		{4488498D-976D-4DA3-BF72-109531AF0488}.Debug|x64.ActiveCfg = Debug|x64
		{4488498D-976D-4DA3-BF72-109531AF0488}.Debug|x64.Build.0 = Debug|x64
		{4488498D-976D-4DA3-BF72-109531AF0488}.Debug|x86.ActiveCfg = Debug|x86
		{4488498D-976D-4DA3-BF72-109531AF0488}.Debug|x86.Build.0 = Debug|x86
		{4488498D-976D-4DA3-BF72-109531AF0488}.Release|Any CPU.ActiveCfg = Release|Any CPU
		{4488498D-976D-4DA3-BF72-109531AF0488}.Release|Any CPU.Build.0 = Release|Any CPU
		{4488498D-976D-4DA3-BF72-109531AF0488}.Release|Mixed Platforms.ActiveCfg = Release|x86
		{4488498D-976D-4DA3-BF72-109531AF0488}.Release|Mixed Platforms.Build.0 = Release|x86
		{4488498D-976D-4DA3-BF72-109531AF0488}.Release|x64.ActiveCfg = Release|x64
		{4488498D-976D-4DA3-BF72-109531AF0488}.Release|x64.Build.0 = Release|x64
		{4488498D-976D-4DA3-BF72-109531AF0488}.Release|x86.ActiveCfg = Release|x86
		{4488498D-976D-4DA3-BF72-109531AF0488}.Release|x86.Build.0 = Release|x86
		{72894A03-4A20-4B37-AAB9-B96DAC4BBAAE}.Debug|Any CPU.ActiveCfg = Debug|Any CPU
		{72894A03-4A20-4B37-AAB9-B96DAC4BBAAE}.Debug|Any CPU.Build.0 = Debug|Any CPU
		{72894A03-4A20-4B37-AAB9-B96DAC4BBAAE}.Debug|Mixed Platforms.ActiveCfg = Debug|Any CPU
		{72894A03-4A20-4B37-AAB9-B96DAC4BBAAE}.Debug|Mixed Platforms.Build.0 = Debug|Any CPU
		{72894A03-4A20-4B37-AAB9-B96DAC4BBAAE}.Debug|x64.ActiveCfg = Debug|Any CPU
		{72894A03-4A20-4B37-AAB9-B96DAC4BBAAE}.Debug|x86.ActiveCfg = Debug|Any CPU
		{72894A03-4A20-4B37-AAB9-B96DAC4BBAAE}.Release|Any CPU.ActiveCfg = Release|Any CPU
		{72894A03-4A20-4B37-AAB9-B96DAC4BBAAE}.Release|Any CPU.Build.0 = Release|Any CPU
		{72894A03-4A20-4B37-AAB9-B96DAC4BBAAE}.Release|Mixed Platforms.ActiveCfg = Release|Any CPU
		{72894A03-4A20-4B37-AAB9-B96DAC4BBAAE}.Release|Mixed Platforms.Build.0 = Release|Any CPU
		{72894A03-4A20-4B37-AAB9-B96DAC4BBAAE}.Release|x64.ActiveCfg = Release|Any CPU
		{72894A03-4A20-4B37-AAB9-B96DAC4BBAAE}.Release|x86.ActiveCfg = Release|Any CPU
	EndGlobalSection
	GlobalSection(SolutionProperties) = preSolution
		HideSolutionNode = FALSE
	EndGlobalSection
EndGlobal
